# Generated by pub
# See https://dart.dev/tools/pub/glossary#lockfile
packages:
  _fe_analyzer_shared:
    dependency: transitive
    description:
      name: _fe_analyzer_shared
      sha256: "405666cd3cf0ee0a48d21ec67e65406aad2c726d9fa58840d3375e7bdcd32a07"
      url: "https://pub.dev"
    source: hosted
    version: "60.0.0"
  _flutterfire_internals:
    dependency: transitive
    description:
      name: _flutterfire_internals
      sha256: "3ff770dfff04a67b0863dff205a0936784de1b87a5e99b11c693fc10e66a9ce3"
      url: "https://pub.dev"
    source: hosted
    version: "1.0.12"
  analyzer:
    dependency: transitive
    description:
      name: analyzer
      sha256: "1952250bd005bacb895a01bf1b4dc00e3ba1c526cf47dca54dfe24979c65f5b3"
      url: "https://pub.dev"
    source: hosted
    version: "5.12.0"
  archive:
    dependency: transitive
    description:
      name: archive
      sha256: d6347d54a2d8028e0437e3c099f66fdb8ae02c4720c1e7534c9f24c10351f85d
      url: "https://pub.dev"
    source: hosted
    version: "3.3.6"
  args:
    dependency: transitive
    description:
      name: args
      sha256: "139d809800a412ebb26a3892da228b2d0ba36f0ef5d9a82166e5e52ec8d61611"
      url: "https://pub.dev"
    source: hosted
    version: "2.3.2"
  asn1lib:
    dependency: transitive
    description:
      name: asn1lib
      sha256: ab96a1cb3beeccf8145c52e449233fe68364c9641623acd3adad66f8184f1039
      url: "https://pub.dev"
    source: hosted
    version: "1.4.0"
  async:
    dependency: transitive
    description:
      name: async
      sha256: "947bfcf187f74dbc5e146c9eb9c0f10c9f8b30743e341481c1e2ed3ecc18c20c"
      url: "https://pub.dev"
    source: hosted
    version: "2.11.0"
  boolean_selector:
    dependency: transitive
    description:
      name: boolean_selector
      sha256: "6cfb5af12253eaf2b368f07bacc5a80d1301a071c73360d746b7f2e32d762c66"
      url: "https://pub.dev"
    source: hosted
    version: "2.1.1"
  carousel_indicator:
    dependency: "direct main"
    description:
      name: carousel_indicator
      sha256: "93019cfd05b40051663b92866d5037d98e7dffb005f6c8227c079d7e00ef152b"
      url: "https://pub.dev"
    source: hosted
    version: "1.0.6"
  carousel_slider:
    dependency: "direct main"
    description:
      name: carousel_slider
      sha256: "9c695cc963bf1d04a47bd6021f68befce8970bcd61d24938e1fb0918cf5d9c42"
      url: "https://pub.dev"
    source: hosted
    version: "4.2.1"
  change_app_package_name:
    dependency: "direct dev"
    description:
      name: change_app_package_name
      sha256: f9ebaf68a4b5a68c581492579bb68273c523ef325fbf9ce2f1b57fb136ad023b
      url: "https://pub.dev"
    source: hosted
    version: "1.1.0"
  characters:
    dependency: transitive
    description:
      name: characters
      sha256: "04a925763edad70e8443c99234dc3328f442e811f1d8fd1a72f1c8ad0f69a605"
      url: "https://pub.dev"
    source: hosted
    version: "1.3.0"
  checked_yaml:
    dependency: transitive
    description:
      name: checked_yaml
      sha256: "3d1505d91afa809d177efd4eed5bb0eb65805097a1463abdd2add076effae311"
      url: "https://pub.dev"
    source: hosted
    version: "2.0.2"
  cli_util:
    dependency: transitive
    description:
      name: cli_util
      sha256: "66f86e916d285c1a93d3b79587d94bd71984a66aac4ff74e524cfa7877f1395c"
      url: "https://pub.dev"
    source: hosted
    version: "0.3.5"
  clock:
    dependency: transitive
    description:
      name: clock
      sha256: cb6d7f03e1de671e34607e909a7213e31d7752be4fb66a86d29fe1eb14bfb5cf
      url: "https://pub.dev"
    source: hosted
    version: "1.1.1"
  cloud_firestore:
    dependency: "direct main"
    description:
      name: cloud_firestore
      sha256: a851106a2169c15614047b75ea10d0346650352c6669ab482306572aa4ed9a7d
      url: "https://pub.dev"
    source: hosted
    version: "4.3.1"
  cloud_firestore_platform_interface:
    dependency: transitive
    description:
      name: cloud_firestore_platform_interface
      sha256: "1fac512fef2bfe84ca7f372defbd9dd8efb108be96854db9023739a5b2aa9977"
      url: "https://pub.dev"
    source: hosted
    version: "5.10.1"
  cloud_firestore_web:
    dependency: transitive
    description:
      name: cloud_firestore_web
      sha256: "3fd9581c1447b6e8db6d0f19d0140b196a70ecf582bd1f71e7141fe9abf10ddb"
      url: "https://pub.dev"
    source: hosted
    version: "3.2.1"
  collection:
    dependency: transitive
    description:
      name: collection
      sha256: "4a07be6cb69c84d677a6c3096fcf960cc3285a8330b4603e0d463d15d9bd934c"
      url: "https://pub.dev"
    source: hosted
    version: "1.17.1"
  convert:
    dependency: transitive
    description:
      name: convert
      sha256: "0f08b14755d163f6e2134cb58222dd25ea2a2ee8a195e53983d57c075324d592"
      url: "https://pub.dev"
    source: hosted
    version: "3.1.1"
  coverage:
    dependency: transitive
    description:
      name: coverage
      sha256: "2fb815080e44a09b85e0f2ca8a820b15053982b2e714b59267719e8a9ff17097"
      url: "https://pub.dev"
    source: hosted
    version: "1.6.3"
  cross_file:
    dependency: transitive
    description:
      name: cross_file
      sha256: "0b0036e8cccbfbe0555fd83c1d31a6f30b77a96b598b35a5d36dd41f718695e9"
      url: "https://pub.dev"
    source: hosted
    version: "0.3.3+4"
  crypto:
    dependency: transitive
    description:
      name: crypto
      sha256: aa274aa7774f8964e4f4f38cc994db7b6158dd36e9187aaceaddc994b35c6c67
      url: "https://pub.dev"
    source: hosted
    version: "3.0.2"
  cupertino_icons:
    dependency: "direct main"
    description:
      name: cupertino_icons
      sha256: e35129dc44c9118cee2a5603506d823bab99c68393879edb440e0090d07586be
      url: "https://pub.dev"
    source: hosted
    version: "1.0.5"
  dio:
    dependency: transitive
    description:
      name: dio
      sha256: "7d328c4d898a61efc3cd93655a0955858e29a0aa647f0f9e02d59b3bb275e2e8"
      url: "https://pub.dev"
    source: hosted
    version: "4.0.6"
  dotted_border:
    dependency: "direct main"
    description:
      name: dotted_border
      sha256: "07a5c5e8d4e6e992279e190e0352be8faa5b8f96d81c77a78b2d42f060279840"
      url: "https://pub.dev"
    source: hosted
    version: "2.0.0+3"
  email_validator:
    dependency: "direct main"
    description:
      name: email_validator
      sha256: e9a90f27ab2b915a27d7f9c2a7ddda5dd752d6942616ee83529b686fc086221b
      url: "https://pub.dev"
    source: hosted
    version: "2.1.17"
  encrypt:
    dependency: transitive
    description:
      name: encrypt
      sha256: "4fd4e4fdc21b9d7d4141823e1e6515cd94e7b8d84749504c232999fba25d9bbb"
      url: "https://pub.dev"
    source: hosted
    version: "5.0.1"
  fake_async:
    dependency: transitive
    description:
      name: fake_async
      sha256: "511392330127add0b769b75a987850d136345d9227c6b94c96a04cf4a391bf78"
      url: "https://pub.dev"
    source: hosted
    version: "1.3.1"
  ffi:
    dependency: transitive
    description:
      name: ffi
      sha256: a38574032c5f1dd06c4aee541789906c12ccaab8ba01446e800d9c5b79c4a978
      url: "https://pub.dev"
    source: hosted
    version: "2.0.1"
  file:
    dependency: transitive
    description:
      name: file
      sha256: "1b92bec4fc2a72f59a8e15af5f52cd441e4a7860b49499d69dfa817af20e925d"
      url: "https://pub.dev"
    source: hosted
    version: "6.1.4"
  firebase_app_check:
    dependency: "direct main"
    description:
      name: firebase_app_check
      sha256: "7f4a22146c2132ee834b78110aa22dd57f954a7a9910701ee5d33b0d9ad22c79"
      url: "https://pub.dev"
    source: hosted
    version: "0.1.1+8"
  firebase_app_check_platform_interface:
    dependency: transitive
    description:
      name: firebase_app_check_platform_interface
      sha256: e5ade23355ec134f0aeabf7eb6f2373aeaad256bdd2d8498ca039cfa7ad64a46
      url: "https://pub.dev"
    source: hosted
    version: "0.0.5+11"
  firebase_app_check_web:
    dependency: transitive
    description:
      name: firebase_app_check_web
      sha256: "9fa0621ed0fb1be29277ea9f15aefd1615d2aa4f6dd6748a1d6381d78d324369"
      url: "https://pub.dev"
    source: hosted
    version: "0.0.7+11"
  firebase_auth:
    dependency: "direct main"
    description:
      name: firebase_auth
      sha256: ac3c7c8022c1032c1dc7d16e62db1d6f1e2fbdc8c1039ee706d8deb45eca3a42
      url: "https://pub.dev"
    source: hosted
    version: "4.2.5"
  firebase_auth_platform_interface:
    dependency: transitive
    description:
      name: firebase_auth_platform_interface
      sha256: "325d934e21826b3e7030f5018ef61927e2083b4c4fb25218ddef6ffc0012b717"
      url: "https://pub.dev"
    source: hosted
    version: "6.11.7"
  firebase_auth_web:
    dependency: transitive
    description:
      name: firebase_auth_web
      sha256: "3fb9fafcd3541005a309c1a696f7df6294893a0c44f010f4ed1b0ded4793c858"
      url: "https://pub.dev"
    source: hosted
    version: "5.2.4"
  firebase_core:
    dependency: "direct main"
    description:
      name: firebase_core
      sha256: c129209ba55f3d4272c89fb4a4994c15bea77fb6de63a82d45fb6bc5c94e4355
      url: "https://pub.dev"
    source: hosted
    version: "2.4.1"
  firebase_core_platform_interface:
    dependency: transitive
    description:
      name: firebase_core_platform_interface
      sha256: "5fab93f5b354648efa62e7cc829c90efb68c8796eecf87e0888cae2d5f3accd4"
      url: "https://pub.dev"
    source: hosted
    version: "4.5.2"
  firebase_core_web:
    dependency: transitive
    description:
      name: firebase_core_web
      sha256: "18b35ce111b0a4266abf723c825bcf9d4e2519d13638cc7f06f2a8dd960c75bc"
      url: "https://pub.dev"
    source: hosted
    version: "2.1.0"
  firebase_phone_auth_handler:
    dependency: "direct main"
    description:
      name: firebase_phone_auth_handler
      sha256: "586e69d6a14eb1276634bbf73a1ede598e85e14e95ea887c67e6d9c62fb6e821"
      url: "https://pub.dev"
    source: hosted
    version: "1.0.8"
  firebase_storage:
    dependency: "direct main"
    description:
      name: firebase_storage
      sha256: "1801785c8bce9b0b262f5daf36e1a48907620147b8065a25e3ad7ae2e890fc11"
      url: "https://pub.dev"
    source: hosted
    version: "11.0.10"
  firebase_storage_platform_interface:
    dependency: transitive
    description:
      name: firebase_storage_platform_interface
      sha256: "3abc5b687731b7e221ea2b867ddc40ed2f6bdb510dcc3d6cd5d73b25ad750485"
      url: "https://pub.dev"
    source: hosted
    version: "4.1.26"
  firebase_storage_web:
    dependency: transitive
    description:
      name: firebase_storage_web
      sha256: "6ac00cd227fb863fcf3ab67991cbaafcd0993da88f63be552e4e636bb0928a3c"
      url: "https://pub.dev"
    source: hosted
    version: "3.3.19"
  flutter:
    dependency: "direct main"
    description: flutter
    source: sdk
    version: "0.0.0"
  flutter_dotenv:
    dependency: "direct main"
    description:
      name: flutter_dotenv
      sha256: d9283d92059a22e9834bc0a31336658ffba77089fb6f3cc36751f1fc7c6661a3
      url: "https://pub.dev"
    source: hosted
    version: "5.0.2"
  flutter_launcher_icons:
    dependency: "direct dev"
    description:
      name: flutter_launcher_icons
      sha256: ce0e501cfc258907842238e4ca605e74b7fd1cdf04b3b43e86c43f3e40a1592c
      url: "https://pub.dev"
    source: hosted
    version: "0.11.0"
  flutter_plugin_android_lifecycle:
    dependency: transitive
    description:
      name: flutter_plugin_android_lifecycle
      sha256: "60fc7b78455b94e6de2333d2f95196d32cf5c22f4b0b0520a628804cb463503b"
      url: "https://pub.dev"
    source: hosted
    version: "2.0.7"
  flutter_recaptcha_v3:
    dependency: "direct main"
    description:
      name: flutter_recaptcha_v3
      sha256: "541e4efffebc1827714e7562c9f83f9b2fb02249b8fc175066139196269ce18b"
      url: "https://pub.dev"
    source: hosted
    version: "0.1.3"
  flutter_sfsymbols:
    dependency: "direct main"
    description:
      name: flutter_sfsymbols
      sha256: e72565d9ed3e55fa4fb32920882a485245ba7791e49477b03c0597b2e41e7064
      url: "https://pub.dev"
    source: hosted
    version: "2.0.0"
  flutter_test:
    dependency: "direct dev"
    description: flutter
    source: sdk
    version: "0.0.0"
  flutter_web_plugins:
    dependency: transitive
    description: flutter
    source: sdk
    version: "0.0.0"
  frontend_server_client:
    dependency: transitive
    description:
      name: frontend_server_client
      sha256: "408e3ca148b31c20282ad6f37ebfa6f4bdc8fede5b74bc2f08d9d92b55db3612"
      url: "https://pub.dev"
    source: hosted
    version: "3.2.0"
  get:
    dependency: "direct main"
    description:
      name: get
      sha256: "2ba20a47c8f1f233bed775ba2dd0d3ac97b4cf32fc17731b3dfc672b06b0e92a"
      url: "https://pub.dev"
    source: hosted
    version: "4.6.5"
  glob:
    dependency: transitive
    description:
      name: glob
      sha256: "4515b5b6ddb505ebdd242a5f2cc5d22d3d6a80013789debfbda7777f47ea308c"
      url: "https://pub.dev"
    source: hosted
    version: "2.1.1"
  google_sign_in:
    dependency: "direct main"
    description:
      name: google_sign_in
      sha256: "821f354c053d51a2d417b02d42532a19a6ea8057d2f9ebb8863c07d81c98aaf9"
      url: "https://pub.dev"
    source: hosted
    version: "5.4.4"
  google_sign_in_android:
    dependency: transitive
    description:
      name: google_sign_in_android
      sha256: "197228076289e506d281328c6846b5986d929d316fc1d2c92a88bb13784faccc"
      url: "https://pub.dev"
    source: hosted
    version: "6.1.5"
  google_sign_in_ios:
    dependency: transitive
    description:
      name: google_sign_in_ios
      sha256: "1116aff5e87f89837b052a81abe6259be7c4dd418275786864d27b74cb2a4e70"
      url: "https://pub.dev"
    source: hosted
    version: "5.5.1"
  google_sign_in_platform_interface:
    dependency: transitive
    description:
      name: google_sign_in_platform_interface
      sha256: "61306213c76bb8170c3aa20017df296c0131c24d7f6c0cc7e2eeaeac34c9f457"
      url: "https://pub.dev"
    source: hosted
    version: "2.3.0"
  google_sign_in_web:
    dependency: transitive
    description:
      name: google_sign_in_web
      sha256: "75cc41ebc53b1756320ee14d9c3018ad3e6cea298147dbcd86e9d0c8d6720b40"
      url: "https://pub.dev"
    source: hosted
    version: "0.10.2+1"
  http:
    dependency: "direct main"
    description:
      name: http
      sha256: "6aa2946395183537c8b880962d935877325d6a09a2867c3970c05c0fed6ac482"
      url: "https://pub.dev"
    source: hosted
    version: "0.13.5"
  http_multi_server:
    dependency: transitive
    description:
      name: http_multi_server
      sha256: "97486f20f9c2f7be8f514851703d0119c3596d14ea63227af6f7a481ef2b2f8b"
      url: "https://pub.dev"
    source: hosted
    version: "3.2.1"
  http_parser:
    dependency: transitive
    description:
      name: http_parser
      sha256: "2aa08ce0341cc9b354a498388e30986515406668dbcc4f7c950c3e715496693b"
      url: "https://pub.dev"
    source: hosted
    version: "4.0.2"
  iamport_flutter:
    dependency: "direct main"
    description:
      name: iamport_flutter
      sha256: "5854176c62e4ed9bafeb7396605d0d08b12d50a3aa861bac6b732bcd3ee94d40"
      url: "https://pub.dev"
    source: hosted
    version: "0.10.7"
  iamport_webview_flutter:
    dependency: transitive
    description:
      name: iamport_webview_flutter
      sha256: ea581292f172bbed531cca7dd7d84ba20746387e2913db4942f8c5f39cbd5cd9
      url: "https://pub.dev"
    source: hosted
    version: "3.0.5"
  image:
    dependency: transitive
    description:
      name: image
      sha256: "8e9d133755c3e84c73288363e6343157c383a0c6c56fc51afcc5d4d7180306d6"
      url: "https://pub.dev"
    source: hosted
    version: "3.3.0"
  image_picker:
    dependency: "direct main"
    description:
      name: image_picker
      sha256: f98d76672d309c8b7030c323b3394669e122d52b307d2bbd8d06bd70f5b2aabe
      url: "https://pub.dev"
    source: hosted
    version: "0.8.6+1"
  image_picker_android:
    dependency: transitive
    description:
      name: image_picker_android
      sha256: b1cbfec0f5aef427a18eb573f5445af8c9c568626bf3388553e40c263d3f7368
      url: "https://pub.dev"
    source: hosted
    version: "0.8.5+5"
  image_picker_for_web:
    dependency: transitive
    description:
      name: image_picker_for_web
      sha256: "7d319fb74955ca46d9bf7011497860e3923bb67feebcf068f489311065863899"
      url: "https://pub.dev"
    source: hosted
    version: "2.1.10"
  image_picker_ios:
    dependency: transitive
    description:
      name: image_picker_ios
      sha256: "8ffb14b43713d7c43fb21299cc18181cc5b39bd3ea1cc427a085c6400fe5aa52"
      url: "https://pub.dev"
    source: hosted
    version: "0.8.6+7"
  image_picker_platform_interface:
    dependency: transitive
    description:
      name: image_picker_platform_interface
      sha256: "7cef2f28f4f2fef99180f636c3d446b4ccbafd6ba0fad2adc9a80c4040f656b8"
      url: "https://pub.dev"
    source: hosted
    version: "2.6.2"
  intl:
    dependency: transitive
    description:
      name: intl
      sha256: "910f85bce16fb5c6f614e117efa303e85a1731bb0081edf3604a2ae6e9a3cc91"
      url: "https://pub.dev"
    source: hosted
    version: "0.17.0"
  io:
    dependency: transitive
    description:
      name: io
      sha256: "2ec25704aba361659e10e3e5f5d672068d332fc8ac516421d483a11e5cbd061e"
      url: "https://pub.dev"
    source: hosted
    version: "1.0.4"
  js:
    dependency: transitive
    description:
      name: js
      sha256: f2c445dce49627136094980615a031419f7f3eb393237e4ecd97ac15dea343f3
      url: "https://pub.dev"
    source: hosted
    version: "0.6.7"
  json_annotation:
    dependency: transitive
    description:
      name: json_annotation
      sha256: c33da08e136c3df0190bd5bbe51ae1df4a7d96e7954d1d7249fea2968a72d317
      url: "https://pub.dev"
    source: hosted
    version: "4.8.0"
  kakao_flutter_sdk:
    dependency: "direct main"
    description:
      name: kakao_flutter_sdk
      sha256: "59077cd500c0be6b8edf42f28472e5512428eba9122c8d7f23f4dc4d7e600012"
      url: "https://pub.dev"
    source: hosted
    version: "1.3.1"
  kakao_flutter_sdk_auth:
    dependency: transitive
    description:
      name: kakao_flutter_sdk_auth
      sha256: d961644a960c84c49d0d7f46d309d6e5582e51082dd71d79ee99a76d72bef961
      url: "https://pub.dev"
    source: hosted
    version: "1.3.1"
  kakao_flutter_sdk_common:
    dependency: transitive
    description:
      name: kakao_flutter_sdk_common
      sha256: f97ba87a5f37446978b2056ab425f0074d47613e7622e47307beb4658703f466
      url: "https://pub.dev"
    source: hosted
    version: "1.3.1"
  kakao_flutter_sdk_navi:
    dependency: transitive
    description:
      name: kakao_flutter_sdk_navi
      sha256: b6fd7a1520421bbf26ce326f048d3128a083c6bb96690b650f7795e64c13477d
      url: "https://pub.dev"
    source: hosted
    version: "1.3.1"
  kakao_flutter_sdk_share:
    dependency: transitive
    description:
      name: kakao_flutter_sdk_share
      sha256: "9d663af4d6f2f44fdb47138b60a1a4abaa79b9164467e5c0d7eb8aaaf83807b6"
      url: "https://pub.dev"
    source: hosted
    version: "1.3.1"
  kakao_flutter_sdk_story:
    dependency: transitive
    description:
      name: kakao_flutter_sdk_story
      sha256: "10d636a7bd6b33f63fa6e028d0fb99a1f69519f3d4cdf14385f76adb0fc93752"
      url: "https://pub.dev"
    source: hosted
    version: "1.3.1"
  kakao_flutter_sdk_talk:
    dependency: transitive
    description:
      name: kakao_flutter_sdk_talk
      sha256: f8ec2f0437e09e973fbb73a4946a86244dc30b1ea7a963329ccddff92840066f
      url: "https://pub.dev"
    source: hosted
    version: "1.3.1"
  kakao_flutter_sdk_template:
    dependency: transitive
    description:
      name: kakao_flutter_sdk_template
      sha256: cf48b081b93a76610f30625fd615f851dd661652da781894eb1efcce2e6c4f7d
      url: "https://pub.dev"
    source: hosted
    version: "1.3.1"
  kakao_flutter_sdk_user:
    dependency: "direct main"
    description:
      name: kakao_flutter_sdk_user
      sha256: d0e1db1329fc0dbdc04a5c0742eb39b120c2f379f98846d2e21041910b765843
      url: "https://pub.dev"
    source: hosted
    version: "1.3.1"
  logger:
    dependency: "direct main"
    description:
      name: logger
      sha256: "5076f09225f91dc49289a4ccb92df2eeea9ea01cf7c26d49b3a1f04c6a49eec1"
      url: "https://pub.dev"
    source: hosted
    version: "1.1.0"
  logging:
    dependency: transitive
    description:
      name: logging
      sha256: "04094f2eb032cbb06c6f6e8d3607edcfcb0455e2bb6cbc010cb01171dcb64e6d"
      url: "https://pub.dev"
    source: hosted
    version: "1.1.1"
  matcher:
    dependency: transitive
    description:
      name: matcher
      sha256: "6501fbd55da300384b768785b83e5ce66991266cec21af89ab9ae7f5ce1c4cbb"
      url: "https://pub.dev"
    source: hosted
    version: "0.12.15"
  material_color_utilities:
    dependency: transitive
    description:
      name: material_color_utilities
      sha256: d92141dc6fe1dad30722f9aa826c7fbc896d021d792f80678280601aff8cf724
      url: "https://pub.dev"
    source: hosted
    version: "0.2.0"
  material_design_icons_flutter:
    dependency: "direct main"
    description:
      name: material_design_icons_flutter
      sha256: "8c54c21cf336052193559abc64715e4885d6c9220a6dbdfc561a087266cc5385"
      url: "https://pub.dev"
    source: hosted
    version: "5.0.6996"
  meta:
    dependency: transitive
    description:
      name: meta
      sha256: "3c74dbf8763d36539f114c799d8a2d87343b5067e9d796ca22b5eb8437090ee3"
      url: "https://pub.dev"
    source: hosted
    version: "1.9.1"
  mime:
    dependency: transitive
    description:
      name: mime
      sha256: e4ff8e8564c03f255408decd16e7899da1733852a9110a58fe6d1b817684a63e
      url: "https://pub.dev"
    source: hosted
    version: "1.0.4"
  multiple_stream_builder:
    dependency: "direct main"
    description:
      name: multiple_stream_builder
      sha256: fec7a8909d0942d1a8d726b7e3057bd73e2ab64a5ae2da6b7b44a959f17f09fb
      url: "https://pub.dev"
    source: hosted
    version: "3.0.2"
  nested:
    dependency: transitive
    description:
      name: nested
      sha256: "03bac4c528c64c95c722ec99280375a6f2fc708eec17c7b3f07253b626cd2a20"
      url: "https://pub.dev"
    source: hosted
    version: "1.0.0"
  node_preamble:
    dependency: transitive
    description:
      name: node_preamble
      sha256: "6e7eac89047ab8a8d26cf16127b5ed26de65209847630400f9aefd7cd5c730db"
      url: "https://pub.dev"
    source: hosted
    version: "2.0.2"
  package_config:
    dependency: transitive
    description:
      name: package_config
      sha256: "1c5b77ccc91e4823a5af61ee74e6b972db1ef98c2ff5a18d3161c982a55448bd"
      url: "https://pub.dev"
    source: hosted
    version: "2.1.0"
  package_info_plus_platform_interface:
    dependency: transitive
    description:
      name: package_info_plus_platform_interface
      sha256: "9bc8ba46813a4cc42c66ab781470711781940780fd8beddd0c3da62506d3a6c6"
      url: "https://pub.dev"
    source: hosted
    version: "2.0.1"
  package_info_plus_web:
    dependency: "direct main"
    description:
      name: package_info_plus_web
      sha256: fb408fed17c00ed4b4b963d124a83bcbf25de990dea0c43a73d48b20339f62a4
      url: "https://pub.dev"
    source: hosted
    version: "2.0.0"
  path:
    dependency: transitive
    description:
      name: path
      sha256: "8829d8a55c13fc0e37127c29fedf290c102f4e40ae94ada574091fe0ff96c917"
      url: "https://pub.dev"
    source: hosted
    version: "1.8.3"
  path_drawing:
    dependency: transitive
    description:
      name: path_drawing
      sha256: bbb1934c0cbb03091af082a6389ca2080345291ef07a5fa6d6e078ba8682f977
      url: "https://pub.dev"
    source: hosted
    version: "1.0.1"
  path_parsing:
    dependency: transitive
    description:
      name: path_parsing
      sha256: e3e67b1629e6f7e8100b367d3db6ba6af4b1f0bb80f64db18ef1fbabd2fa9ccf
      url: "https://pub.dev"
    source: hosted
    version: "1.0.1"
  path_provider_linux:
    dependency: transitive
    description:
      name: path_provider_linux
      sha256: ab0987bf95bc591da42dffb38c77398fc43309f0b9b894dcc5d6f40c4b26c379
      url: "https://pub.dev"
    source: hosted
    version: "2.1.7"
  path_provider_platform_interface:
    dependency: transitive
    description:
      name: path_provider_platform_interface
      sha256: f0abc8ebd7253741f05488b4813d936b4d07c6bae3e86148a09e342ee4b08e76
      url: "https://pub.dev"
    source: hosted
    version: "2.0.5"
  path_provider_windows:
    dependency: transitive
    description:
      name: path_provider_windows
      sha256: bcabbe399d4042b8ee687e17548d5d3f527255253b4a639f5f8d2094a9c2b45c
      url: "https://pub.dev"
    source: hosted
    version: "2.1.3"
  percent_indicator:
    dependency: "direct main"
    description:
      name: percent_indicator
      sha256: cec41f67181fbd5322aa68b355621d1a4eea827426b8eeb613f6cbe195ff7b4a
      url: "https://pub.dev"
    source: hosted
    version: "4.2.2"
  permission_handler:
    dependency: "direct main"
    description:
      name: permission_handler
      sha256: "33c6a1253d1f95fd06fa74b65b7ba907ae9811f9d5c1d3150e51417d04b8d6a8"
      url: "https://pub.dev"
    source: hosted
    version: "10.2.0"
  permission_handler_android:
    dependency: transitive
    description:
      name: permission_handler_android
      sha256: "8028362b40c4a45298f1cbfccd227c8dd6caf0e27088a69f2ba2ab15464159e2"
      url: "https://pub.dev"
    source: hosted
    version: "10.2.0"
  permission_handler_apple:
    dependency: transitive
    description:
      name: permission_handler_apple
      sha256: "9c370ef6a18b1c4b2f7f35944d644a56aa23576f23abee654cf73968de93f163"
      url: "https://pub.dev"
    source: hosted
    version: "9.0.7"
  permission_handler_platform_interface:
    dependency: transitive
    description:
      name: permission_handler_platform_interface
      sha256: "68abbc472002b5e6dfce47fe9898c6b7d8328d58b5d2524f75e277c07a97eb84"
      url: "https://pub.dev"
    source: hosted
    version: "3.9.0"
  permission_handler_windows:
    dependency: transitive
    description:
      name: permission_handler_windows
      sha256: f67cab14b4328574938ecea2db3475dad7af7ead6afab6338772c5f88963e38b
      url: "https://pub.dev"
    source: hosted
    version: "0.1.2"
  petitparser:
    dependency: transitive
    description:
      name: petitparser
      sha256: "49392a45ced973e8d94a85fdb21293fbb40ba805fc49f2965101ae748a3683b4"
      url: "https://pub.dev"
    source: hosted
    version: "5.1.0"
  pinput:
    dependency: "direct main"
    description:
      name: pinput
      sha256: e502557efe6957145b49dd9b4f48eec230a19a8ed0c4d5014a83cf800638869e
      url: "https://pub.dev"
    source: hosted
    version: "2.2.21"
  platform:
    dependency: transitive
    description:
      name: platform
      sha256: "4a451831508d7d6ca779f7ac6e212b4023dd5a7d08a27a63da33756410e32b76"
      url: "https://pub.dev"
    source: hosted
    version: "3.1.0"
  plugin_platform_interface:
    dependency: transitive
    description:
      name: plugin_platform_interface
      sha256: dbf0f707c78beedc9200146ad3cb0ab4d5da13c246336987be6940f026500d3a
      url: "https://pub.dev"
    source: hosted
    version: "2.1.3"
  pointycastle:
    dependency: transitive
    description:
      name: pointycastle
      sha256: db7306cf0249f838d1a24af52b5a5887c5bf7f31d8bb4e827d071dc0939ad346
      url: "https://pub.dev"
    source: hosted
    version: "3.6.2"
  pool:
    dependency: transitive
    description:
      name: pool
      sha256: "20fe868b6314b322ea036ba325e6fc0711a22948856475e2c2b6306e8ab39c2a"
      url: "https://pub.dev"
    source: hosted
    version: "1.5.1"
  process:
    dependency: transitive
    description:
      name: process
      sha256: "53fd8db9cec1d37b0574e12f07520d582019cb6c44abf5479a01505099a34a09"
      url: "https://pub.dev"
    source: hosted
    version: "4.2.4"
  provider:
    dependency: "direct main"
    description:
      name: provider
      sha256: cdbe7530b12ecd9eb455bdaa2fcb8d4dad22e80b8afb4798b41479d5ce26847f
      url: "https://pub.dev"
    source: hosted
    version: "6.0.5"
  pub_semver:
    dependency: transitive
    description:
      name: pub_semver
      sha256: "40d3ab1bbd474c4c2328c91e3a7df8c6dd629b79ece4c4bd04bee496a224fb0c"
      url: "https://pub.dev"
    source: hosted
    version: "2.1.4"
  quiver:
    dependency: transitive
    description:
      name: quiver
      sha256: b1c1ac5ce6688d77f65f3375a9abb9319b3cb32486bdc7a1e0fdf004d7ba4e47
      url: "https://pub.dev"
    source: hosted
    version: "3.2.1"
  safetynet_attestation:
    dependency: "direct main"
    description:
      name: safetynet_attestation
      sha256: "8b7bdf55d9d608f40277d1ac35026be0b323f304fd586232e4ae96f58696b295"
      url: "https://pub.dev"
    source: hosted
    version: "0.0.5"
  shared_preferences:
    dependency: transitive
    description:
      name: shared_preferences
      sha256: "5949029e70abe87f75cfe59d17bf5c397619c4b74a099b10116baeb34786fad9"
      url: "https://pub.dev"
    source: hosted
    version: "2.0.17"
  shared_preferences_android:
    dependency: transitive
    description:
      name: shared_preferences_android
      sha256: "955e9736a12ba776bdd261cf030232b30eadfcd9c79b32a3250dd4a494e8c8f7"
      url: "https://pub.dev"
    source: hosted
    version: "2.0.15"
  shared_preferences_foundation:
    dependency: transitive
    description:
      name: shared_preferences_foundation
      sha256: "2b55c18636a4edc529fa5cd44c03d3f3100c00513f518c5127c951978efcccd0"
      url: "https://pub.dev"
    source: hosted
    version: "2.1.3"
  shared_preferences_linux:
    dependency: transitive
    description:
      name: shared_preferences_linux
      sha256: f8ea038aa6da37090093974ebdcf4397010605fd2ff65c37a66f9d28394cb874
      url: "https://pub.dev"
    source: hosted
    version: "2.1.3"
  shared_preferences_platform_interface:
    dependency: transitive
    description:
      name: shared_preferences_platform_interface
      sha256: da9431745ede5ece47bc26d5d73a9d3c6936ef6945c101a5aca46f62e52c1cf3
      url: "https://pub.dev"
    source: hosted
    version: "2.1.0"
  shared_preferences_web:
    dependency: transitive
    description:
      name: shared_preferences_web
      sha256: a4b5bc37fe1b368bbc81f953197d55e12f49d0296e7e412dfe2d2d77d6929958
      url: "https://pub.dev"
    source: hosted
    version: "2.0.4"
  shared_preferences_windows:
    dependency: transitive
    description:
      name: shared_preferences_windows
      sha256: "5eaf05ae77658d3521d0e993ede1af962d4b326cd2153d312df716dc250f00c9"
      url: "https://pub.dev"
    source: hosted
    version: "2.1.3"
  shelf:
    dependency: transitive
    description:
      name: shelf
      sha256: ad29c505aee705f41a4d8963641f91ac4cee3c8fad5947e033390a7bd8180fa4
      url: "https://pub.dev"
    source: hosted
    version: "1.4.1"
  shelf_packages_handler:
    dependency: transitive
    description:
      name: shelf_packages_handler
      sha256: "89f967eca29607c933ba9571d838be31d67f53f6e4ee15147d5dc2934fee1b1e"
      url: "https://pub.dev"
    source: hosted
    version: "3.0.2"
  shelf_static:
    dependency: transitive
    description:
      name: shelf_static
      sha256: a41d3f53c4adf0f57480578c1d61d90342cd617de7fc8077b1304643c2d85c1e
      url: "https://pub.dev"
    source: hosted
    version: "1.1.2"
  shelf_web_socket:
    dependency: transitive
    description:
      name: shelf_web_socket
      sha256: "9ca081be41c60190ebcb4766b2486a7d50261db7bd0f5d9615f2d653637a84c1"
      url: "https://pub.dev"
    source: hosted
    version: "1.0.4"
  sky_engine:
    dependency: transitive
    description: flutter
    source: sdk
    version: "0.0.99"
  smart_auth:
    dependency: transitive
    description:
      name: smart_auth
      sha256: "8cfaec55b77d5930ed1666bb7ae70db5bade099bb1422401386853b400962113"
      url: "https://pub.dev"
    source: hosted
    version: "1.0.8"
  source_map_stack_trace:
    dependency: transitive
    description:
      name: source_map_stack_trace
      sha256: "84cf769ad83aa6bb61e0aa5a18e53aea683395f196a6f39c4c881fb90ed4f7ae"
      url: "https://pub.dev"
    source: hosted
    version: "2.1.1"
  source_maps:
    dependency: transitive
    description:
      name: source_maps
      sha256: "708b3f6b97248e5781f493b765c3337db11c5d2c81c3094f10904bfa8004c703"
      url: "https://pub.dev"
    source: hosted
    version: "0.10.12"
  source_span:
    dependency: transitive
    description:
      name: source_span
      sha256: dd904f795d4b4f3b870833847c461801f6750a9fa8e61ea5ac53f9422b31f250
      url: "https://pub.dev"
    source: hosted
    version: "1.9.1"
  stack_trace:
    dependency: transitive
    description:
      name: stack_trace
      sha256: c3c7d8edb15bee7f0f74debd4b9c5f3c2ea86766fe4178eb2a18eb30a0bdaed5
      url: "https://pub.dev"
    source: hosted
    version: "1.11.0"
  stream_channel:
    dependency: transitive
    description:
      name: stream_channel
      sha256: "83615bee9045c1d322bbbd1ba209b7a749c2cbcdcb3fdd1df8eb488b3279c1c8"
      url: "https://pub.dev"
    source: hosted
    version: "2.1.1"
  string_scanner:
    dependency: transitive
    description:
      name: string_scanner
      sha256: "556692adab6cfa87322a115640c11f13cb77b3f076ddcc5d6ae3c20242bedcde"
      url: "https://pub.dev"
    source: hosted
    version: "1.2.0"
  term_glyph:
    dependency: transitive
    description:
      name: term_glyph
      sha256: a29248a84fbb7c79282b40b8c72a1209db169a2e0542bce341da992fe1bc7e84
      url: "https://pub.dev"
    source: hosted
    version: "1.2.1"
  test:
    dependency: "direct dev"
    description:
      name: test
      sha256: "3dac9aecf2c3991d09b9cdde4f98ded7b30804a88a0d7e4e7e1678e78d6b97f4"
      url: "https://pub.dev"
    source: hosted
    version: "1.24.1"
  test_api:
    dependency: transitive
    description:
      name: test_api
      sha256: eb6ac1540b26de412b3403a163d919ba86f6a973fe6cc50ae3541b80092fdcfb
      url: "https://pub.dev"
    source: hosted
    version: "0.5.1"
  test_core:
    dependency: transitive
    description:
      name: test_core
      sha256: "5138dbffb77b2289ecb12b81c11ba46036590b72a64a7a90d6ffb880f1a29e93"
      url: "https://pub.dev"
    source: hosted
    version: "0.5.1"
  typed_data:
    dependency: transitive
    description:
      name: typed_data
      sha256: "26f87ade979c47a150c9eaab93ccd2bebe70a27dc0b4b29517f2904f04eb11a5"
      url: "https://pub.dev"
    source: hosted
    version: "1.3.1"
  uni_links:
    dependency: transitive
    description:
      name: uni_links
      sha256: "051098acfc9e26a9fde03b487bef5d3d228ca8f67693480c6f33fd4fbb8e2b6e"
      url: "https://pub.dev"
    source: hosted
    version: "0.5.1"
  uni_links_platform_interface:
    dependency: transitive
    description:
      name: uni_links_platform_interface
      sha256: "929cf1a71b59e3b7c2d8a2605a9cf7e0b125b13bc858e55083d88c62722d4507"
      url: "https://pub.dev"
    source: hosted
    version: "1.0.0"
  uni_links_web:
    dependency: transitive
    description:
      name: uni_links_web
      sha256: "7539db908e25f67de2438e33cc1020b30ab94e66720b5677ba6763b25f6394df"
      url: "https://pub.dev"
    source: hosted
    version: "0.1.0"
  url_launcher:
    dependency: "direct main"
    description:
      name: url_launcher
      sha256: e8f2efc804810c0f2f5b485f49e7942179f56eabcfe81dce3387fec4bb55876b
      url: "https://pub.dev"
    source: hosted
    version: "6.1.9"
  url_launcher_android:
    dependency: transitive
    description:
      name: url_launcher_android
      sha256: "3e2f6dfd2c7d9cd123296cab8ef66cfc2c1a13f5845f42c7a0f365690a8a7dd1"
      url: "https://pub.dev"
    source: hosted
    version: "6.0.23"
  url_launcher_ios:
    dependency: transitive
    description:
      name: url_launcher_ios
      sha256: "0a5af0aefdd8cf820dd739886efb1637f1f24489900204f50984634c07a54815"
      url: "https://pub.dev"
    source: hosted
    version: "6.1.0"
  url_launcher_linux:
    dependency: transitive
    description:
      name: url_launcher_linux
      sha256: "318c42cba924e18180c029be69caf0a1a710191b9ec49bb42b5998fdcccee3cc"
      url: "https://pub.dev"
    source: hosted
    version: "3.0.2"
  url_launcher_macos:
    dependency: transitive
    description:
      name: url_launcher_macos
      sha256: "41988b55570df53b3dd2a7fc90c76756a963de6a8c5f8e113330cb35992e2094"
      url: "https://pub.dev"
    source: hosted
    version: "3.0.2"
  url_launcher_platform_interface:
    dependency: transitive
    description:
      name: url_launcher_platform_interface
      sha256: "4eae912628763eb48fc214522e58e942fd16ce195407dbf45638239523c759a6"
      url: "https://pub.dev"
    source: hosted
    version: "2.1.1"
  url_launcher_web:
    dependency: transitive
    description:
      name: url_launcher_web
      sha256: "44d79408ce9f07052095ef1f9a693c258d6373dc3944249374e30eff7219ccb0"
      url: "https://pub.dev"
    source: hosted
    version: "2.0.14"
  url_launcher_windows:
    dependency: transitive
    description:
      name: url_launcher_windows
      sha256: b6217370f8eb1fd85c8890c539f5a639a01ab209a36db82c921ebeacefc7a615
      url: "https://pub.dev"
    source: hosted
    version: "3.0.3"
  vector_math:
    dependency: transitive
    description:
      name: vector_math
      sha256: "80b3257d1492ce4d091729e3a67a60407d227c27241d6927be0130c98e741803"
      url: "https://pub.dev"
    source: hosted
    version: "2.1.4"
  vm_service:
    dependency: transitive
    description:
      name: vm_service
      sha256: f3743ca475e0c9ef71df4ba15eb2d7684eecd5c8ba20a462462e4e8b561b2e11
      url: "https://pub.dev"
    source: hosted
    version: "11.6.0"
  watcher:
    dependency: transitive
    description:
      name: watcher
      sha256: "3d2ad6751b3c16cf07c7fca317a1413b3f26530319181b37e3b9039b84fc01d8"
      url: "https://pub.dev"
    source: hosted
    version: "1.1.0"
  web_socket_channel:
    dependency: transitive
    description:
      name: web_socket_channel
      sha256: d88238e5eac9a42bb43ca4e721edba3c08c6354d4a53063afaa568516217621b
      url: "https://pub.dev"
    source: hosted
    version: "2.4.0"
  webkit_inspection_protocol:
    dependency: transitive
    description:
      name: webkit_inspection_protocol
      sha256: "67d3a8b6c79e1987d19d848b0892e582dbb0c66c57cc1fef58a177dd2aa2823d"
      url: "https://pub.dev"
    source: hosted
    version: "1.2.0"
  webview_flutter:
    dependency: transitive
    description:
      name: webview_flutter
      sha256: "6886b3ceef1541109df5001054aade5ee3c36b5780302e41701c78357233721c"
      url: "https://pub.dev"
    source: hosted
    version: "2.8.0"
  webview_flutter_android:
    dependency: transitive
    description:
      name: webview_flutter_android
      sha256: "8b3b2450e98876c70bfcead876d9390573b34b9418c19e28168b74f6cb252dbd"
      url: "https://pub.dev"
    source: hosted
    version: "2.10.4"
  webview_flutter_platform_interface:
    dependency: transitive
    description:
      name: webview_flutter_platform_interface
      sha256: "812165e4e34ca677bdfbfa58c01e33b27fd03ab5fa75b70832d4b7d4ca1fa8cf"
      url: "https://pub.dev"
    source: hosted
    version: "1.9.5"
  webview_flutter_plus:
    dependency: transitive
    description:
      name: webview_flutter_plus
      sha256: eeb5a18a8dbd68a3e3825fc5cfdf90a75c913f19938a6298aa5e90c8a947e03b
      url: "https://pub.dev"
    source: hosted
    version: "0.2.4"
  webview_flutter_wkwebview:
    dependency: transitive
    description:
      name: webview_flutter_wkwebview
      sha256: a5364369c758892aa487cbf59ea41d9edd10f9d9baf06a94e80f1bd1b4c7bbc0
      url: "https://pub.dev"
    source: hosted
    version: "2.9.5"
  win32:
    dependency: transitive
    description:
      name: win32
      sha256: c9ebe7ee4ab0c2194e65d3a07d8c54c5d00bb001b76081c4a04cdb8448b59e46
      url: "https://pub.dev"
    source: hosted
    version: "3.1.3"
  xdg_directories:
    dependency: transitive
    description:
      name: xdg_directories
      sha256: bd512f03919aac5f1313eb8249f223bacf4927031bf60b02601f81f687689e86
      url: "https://pub.dev"
    source: hosted
    version: "0.2.0+3"
  xml:
    dependency: transitive
    description:
      name: xml
      sha256: ac0e3f4bf00ba2708c33fbabbbe766300e509f8c82dbd4ab6525039813f7e2fb
      url: "https://pub.dev"
    source: hosted
    version: "6.1.0"
  yaml:
    dependency: transitive
    description:
      name: yaml
      sha256: "23812a9b125b48d4007117254bca50abb6c712352927eece9e155207b1db2370"
      url: "https://pub.dev"
    source: hosted
    version: "3.1.1"
sdks:
  dart: ">=3.0.0 <4.0.0"
  flutter: ">=3.3.0"
